
Microsoft Visual Studio Solution File, Format Version 12.00
# Visual Studio Version 16
VisualStudioVersion = 16.0.29319.158
MinimumVisualStudioVersion = 10.0.40219.1
Project("{9A19103F-16F7-4668-BE54-9A1E7A4F7556}") = "Seventh.Resource", "src\Seventh.Resource\Seventh.Resource.csproj", "{AA9C3C3B-162E-45F1-9D5E-60A772865BCD}"
EndProject
Project("{9A19103F-16F7-4668-BE54-9A1E7A4F7556}") = "Seventh.Resource.Common", "src\Seventh.Resource.Common\Seventh.Resource.Common.csproj", "{303414C4-E248-4640-822A-A16A5322FFBE}"
EndProject
Project("{9A19103F-16F7-4668-BE54-9A1E7A4F7556}") = "Seventh.Resource.Services", "src\Seventh.Resource.Services\Seventh.Resource.Services.csproj", "{005F61DE-B490-4AEE-BDF4-87DEAC119F72}"
EndProject
Project("{9A19103F-16F7-4668-BE54-9A1E7A4F7556}") = "Seventh.Resource.CommonTest", "tests\Seventh.Resource.CommonTest\Seventh.Resource.CommonTest.csproj", "{6A0D78A8-892F-485A-AC0F-04D1A1F29D53}"
EndProject
Project("{2150E333-8FDC-42A3-9474-1A3956D46DE8}") = "tests", "tests", "{AB603062-CBDC-4664-B46F-CD8EFAA6DD1B}"
EndProject
Project("{2150E333-8FDC-42A3-9474-1A3956D46DE8}") = "src", "src", "{F8987548-22AF-4A04-B946-7D54A0B42617}"
EndProject
Project("{2150E333-8FDC-42A3-9474-1A3956D46DE8}") = "Solution Items", "Solution Items", "{34DF5301-544E-4420-99C6-57E30D9558B1}"
	ProjectSection(SolutionItems) = preProject
		build\common.props = build\common.props
		build\version.props = build\version.props
	EndProjectSection
EndProject
Project("{9A19103F-16F7-4668-BE54-9A1E7A4F7556}") = "Seventh.Resource.Api", "src\Seventh.Resource.Api\Seventh.Resource.Api.csproj", "{10F13DAB-BFB0-474D-ABEF-7CCED8CF4A8F}"
EndProject
Project("{9A19103F-16F7-4668-BE54-9A1E7A4F7556}") = "Seventh.Core", "src\Seventh.Core\Seventh.Core.csproj", "{237CE80C-DF11-44F8-8A31-F17F35B82177}"
EndProject
Project("{FAE04EC0-301F-11D3-BF4B-00C04F79EFBC}") = "Seventh.Resource.ServicesTests", "Seventh.Resource.ServicesTests\Seventh.Resource.ServicesTests.csproj", "{321A5DCD-8DCC-4E21-8264-C635FADE5BD2}"
EndProject
Global
	GlobalSection(SolutionConfigurationPlatforms) = preSolution
		Debug|Any CPU = Debug|Any CPU
		Release|Any CPU = Release|Any CPU
	EndGlobalSection
	GlobalSection(ProjectConfigurationPlatforms) = postSolution
		{AA9C3C3B-162E-45F1-9D5E-60A772865BCD}.Debug|Any CPU.ActiveCfg = Debug|Any CPU
		{AA9C3C3B-162E-45F1-9D5E-60A772865BCD}.Debug|Any CPU.Build.0 = Debug|Any CPU
		{AA9C3C3B-162E-45F1-9D5E-60A772865BCD}.Release|Any CPU.ActiveCfg = Release|Any CPU
		{AA9C3C3B-162E-45F1-9D5E-60A772865BCD}.Release|Any CPU.Build.0 = Release|Any CPU
		{303414C4-E248-4640-822A-A16A5322FFBE}.Debug|Any CPU.ActiveCfg = Debug|Any CPU
		{303414C4-E248-4640-822A-A16A5322FFBE}.Debug|Any CPU.Build.0 = Debug|Any CPU
		{303414C4-E248-4640-822A-A16A5322FFBE}.Release|Any CPU.ActiveCfg = Release|Any CPU
		{303414C4-E248-4640-822A-A16A5322FFBE}.Release|Any CPU.Build.0 = Release|Any CPU
		{005F61DE-B490-4AEE-BDF4-87DEAC119F72}.Debug|Any CPU.ActiveCfg = Debug|Any CPU
		{005F61DE-B490-4AEE-BDF4-87DEAC119F72}.Debug|Any CPU.Build.0 = Debug|Any CPU
		{005F61DE-B490-4AEE-BDF4-87DEAC119F72}.Release|Any CPU.ActiveCfg = Release|Any CPU
		{005F61DE-B490-4AEE-BDF4-87DEAC119F72}.Release|Any CPU.Build.0 = Release|Any CPU
		{6A0D78A8-892F-485A-AC0F-04D1A1F29D53}.Debug|Any CPU.ActiveCfg = Debug|Any CPU
		{6A0D78A8-892F-485A-AC0F-04D1A1F29D53}.Debug|Any CPU.Build.0 = Debug|Any CPU
		{6A0D78A8-892F-485A-AC0F-04D1A1F29D53}.Release|Any CPU.ActiveCfg = Release|Any CPU
		{6A0D78A8-892F-485A-AC0F-04D1A1F29D53}.Release|Any CPU.Build.0 = Release|Any CPU
		{10F13DAB-BFB0-474D-ABEF-7CCED8CF4A8F}.Debug|Any CPU.ActiveCfg = Debug|Any CPU
		{10F13DAB-BFB0-474D-ABEF-7CCED8CF4A8F}.Debug|Any CPU.Build.0 = Debug|Any CPU
		{10F13DAB-BFB0-474D-ABEF-7CCED8CF4A8F}.Release|Any CPU.ActiveCfg = Release|Any CPU
		{10F13DAB-BFB0-474D-ABEF-7CCED8CF4A8F}.Release|Any CPU.Build.0 = Release|Any CPU
		{237CE80C-DF11-44F8-8A31-F17F35B82177}.Debug|Any CPU.ActiveCfg = Debug|Any CPU
		{237CE80C-DF11-44F8-8A31-F17F35B82177}.Debug|Any CPU.Build.0 = Debug|Any CPU
		{237CE80C-DF11-44F8-8A31-F17F35B82177}.Release|Any CPU.ActiveCfg = Release|Any CPU
		{237CE80C-DF11-44F8-8A31-F17F35B82177}.Release|Any CPU.Build.0 = Release|Any CPU
		{321A5DCD-8DCC-4E21-8264-C635FADE5BD2}.Debug|Any CPU.ActiveCfg = Debug|Any CPU
		{321A5DCD-8DCC-4E21-8264-C635FADE5BD2}.Debug|Any CPU.Build.0 = Debug|Any CPU
		{321A5DCD-8DCC-4E21-8264-C635FADE5BD2}.Release|Any CPU.ActiveCfg = Release|Any CPU
		{321A5DCD-8DCC-4E21-8264-C635FADE5BD2}.Release|Any CPU.Build.0 = Release|Any CPU
	EndGlobalSection
	GlobalSection(SolutionProperties) = preSolution
		HideSolutionNode = FALSE
	EndGlobalSection
	GlobalSection(NestedProjects) = preSolution
		{AA9C3C3B-162E-45F1-9D5E-60A772865BCD} = {F8987548-22AF-4A04-B946-7D54A0B42617}
		{303414C4-E248-4640-822A-A16A5322FFBE} = {F8987548-22AF-4A04-B946-7D54A0B42617}
		{005F61DE-B490-4AEE-BDF4-87DEAC119F72} = {F8987548-22AF-4A04-B946-7D54A0B42617}
		{6A0D78A8-892F-485A-AC0F-04D1A1F29D53} = {AB603062-CBDC-4664-B46F-CD8EFAA6DD1B}
		{10F13DAB-BFB0-474D-ABEF-7CCED8CF4A8F} = {F8987548-22AF-4A04-B946-7D54A0B42617}
		{237CE80C-DF11-44F8-8A31-F17F35B82177} = {F8987548-22AF-4A04-B946-7D54A0B42617}
		{321A5DCD-8DCC-4E21-8264-C635FADE5BD2} = {AB603062-CBDC-4664-B46F-CD8EFAA6DD1B}
	EndGlobalSection
	GlobalSection(ExtensibilityGlobals) = postSolution
		SolutionGuid = {4D04C870-5D64-451F-81EE-1DC6FA2731A0}
	EndGlobalSection
EndGlobal
